
Microsoft Visual Studio Solution File, Format Version 12.00
# Visual Studio Version 17
VisualStudioVersion = 17.12.35527.113 d17.12
MinimumVisualStudioVersion = 10.0.40219.1
Project("{FAE04EC0-301F-11D3-BF4B-00C04F79EFBC}") = "PhoneBackend", "PhoneBackend\PhoneBackend.csproj", "{4AA444BC-A8BF-4844-A908-5135D7960FCC}"
EndProject
Project("{FAE04EC0-301F-11D3-BF4B-00C04F79EFBC}") = "PhoneClient", "PhoneClient\PhoneClient.csproj", "{A65C1485-ED89-4577-ADE7-A5F4BA613F0A}"
EndProject
Project("{FAE04EC0-301F-11D3-BF4B-00C04F79EFBC}") = "PhoneLibrary", "PhoneLibrary\PhoneLibrary.csproj", "{3AC498AC-3401-4BFE-B650-058673E81B12}"
EndProject
Global
	GlobalSection(SolutionConfigurationPlatforms) = preSolution
		Debug|Any CPU = Debug|Any CPU
		Release|Any CPU = Release|Any CPU
	EndGlobalSection
	GlobalSection(ProjectConfigurationPlatforms) = postSolution
		{4AA444BC-A8BF-4844-A908-5135D7960FCC}.Debug|Any CPU.ActiveCfg = Debug|Any CPU
		{4AA444BC-A8BF-4844-A908-5135D7960FCC}.Debug|Any CPU.Build.0 = Debug|Any CPU
		{4AA444BC-A8BF-4844-A908-5135D7960FCC}.Release|Any CPU.ActiveCfg = Release|Any CPU
		{4AA444BC-A8BF-4844-A908-5135D7960FCC}.Release|Any CPU.Build.0 = Release|Any CPU
		{A65C1485-ED89-4577-ADE7-A5F4BA613F0A}.Debug|Any CPU.ActiveCfg = Debug|Any CPU
		{A65C1485-ED89-4577-ADE7-A5F4BA613F0A}.Debug|Any CPU.Build.0 = Debug|Any CPU
		{A65C1485-ED89-4577-ADE7-A5F4BA613F0A}.Release|Any CPU.ActiveCfg = Release|Any CPU
		{A65C1485-ED89-4577-ADE7-A5F4BA613F0A}.Release|Any CPU.Build.0 = Release|Any CPU
		{3AC498AC-3401-4BFE-B650-058673E81B12}.Debug|Any CPU.ActiveCfg = Debug|Any CPU
		{3AC498AC-3401-4BFE-B650-058673E81B12}.Debug|Any CPU.Build.0 = Debug|Any CPU
		{3AC498AC-3401-4BFE-B650-058673E81B12}.Release|Any CPU.ActiveCfg = Release|Any CPU
		{3AC498AC-3401-4BFE-B650-058673E81B12}.Release|Any CPU.Build.0 = Release|Any CPU
	EndGlobalSection
	GlobalSection(SolutionProperties) = preSolution
		HideSolutionNode = FALSE
	EndGlobalSection
EndGlobal
